
Microsoft Visual Studio Solution File, Format Version 12.00
# Visual Studio Version 17
VisualStudioVersion = 17.10.35004.147
MinimumVisualStudioVersion = 10.0.40219.1
Project("{9A19103F-16F7-4668-BE54-9A1E7A4F7556}") = "WeightManager", "WeightManager.csproj", "{0AC516AD-11C8-42D1-8F51-2AAB8348ED3F}"
EndProject
Project("{FAE04EC0-301F-11D3-BF4B-00C04F79EFBC}") = "WeightManagerTests", "..\WeightManagerTests\WeightManagerTests.csproj", "{452ACB37-1FA6-4B57-911A-23BE58C3450D}"
EndProject
Global
	GlobalSection(SolutionConfigurationPlatforms) = preSolution
		Debug|Any CPU = Debug|Any CPU
		Release|Any CPU = Release|Any CPU
	EndGlobalSection
	GlobalSection(ProjectConfigurationPlatforms) = postSolution
		{0AC516AD-11C8-42D1-8F51-2AAB8348ED3F}.Debug|Any CPU.ActiveCfg = Debug|Any CPU
		{0AC516AD-11C8-42D1-8F51-2AAB8348ED3F}.Debug|Any CPU.Build.0 = Debug|Any CPU
		{0AC516AD-11C8-42D1-8F51-2AAB8348ED3F}.Release|Any CPU.ActiveCfg = Release|Any CPU
		{0AC516AD-11C8-42D1-8F51-2AAB8348ED3F}.Release|Any CPU.Build.0 = Release|Any CPU
		{452ACB37-1FA6-4B57-911A-23BE58C3450D}.Debug|Any CPU.ActiveCfg = Debug|Any CPU
		{452ACB37-1FA6-4B57-911A-23BE58C3450D}.Debug|Any CPU.Build.0 = Debug|Any CPU
		{452ACB37-1FA6-4B57-911A-23BE58C3450D}.Release|Any CPU.ActiveCfg = Release|Any CPU
		{452ACB37-1FA6-4B57-911A-23BE58C3450D}.Release|Any CPU.Build.0 = Release|Any CPU
	EndGlobalSection
	GlobalSection(SolutionProperties) = preSolution
		HideSolutionNode = FALSE
	EndGlobalSection
	GlobalSection(ExtensibilityGlobals) = postSolution
		SolutionGuid = {CDB1F91C-E1D1-4E8D-ADFC-CB7BF1344FC6}
	EndGlobalSection
EndGlobal
